{
  "name": "@my-app/contracts",
  "version": "1.0.0",
  "lockfileVersion": 3,
  "requires": true,
  "packages": {
    "": {
      "name": "@my-app/contracts",
      "version": "1.0.0",
      "dependencies": {
        "@my-app/contracts": "file:"
      }
    },
    "node_modules/@my-app/contracts": {
      "resolved": "",
      "link": true
    }
  }
}
